
Microsoft Visual Studio Solution File, Format Version 12.00
# Visual Studio Version 17
VisualStudioVersion = 17.14.36401.2
MinimumVisualStudioVersion = 10.0.40219.1
Project("{2150E333-8FDC-42A3-9474-1A3956D46DE8}") = "src", "src", "{02EA681E-C7D8-13C7-8484-4AC65E1B71E8}"
EndProject
Project("{2150E333-8FDC-42A3-9474-1A3956D46DE8}") = "aspire", "aspire", "{6857027C-A477-4867-92B2-848027112645}"
EndProject
Project("{2150E333-8FDC-42A3-9474-1A3956D46DE8}") = "test", "test", "{79144D29-9570-485D-A42B-B09456FEFFE7}"
EndProject
Project("{FAE04EC0-301F-11D3-BF4B-00C04F79EFBC}") = "CastAmNow.AppHost", "aspire\CastAmNow.AppHost\CastAmNow.AppHost.csproj", "{0D533735-91CB-474F-BF80-2587ED6D47C2}"
EndProject
Project("{FAE04EC0-301F-11D3-BF4B-00C04F79EFBC}") = "CastAmNow.ServiceDefaults", "aspire\CastAmNow.ServiceDefaults\CastAmNow.ServiceDefaults.csproj", "{26235ABD-6EF1-4851-98B1-A8B65E7BF8EC}"
EndProject
Project("{2150E333-8FDC-42A3-9474-1A3956D46DE8}") = "api", "api", "{424A3731-AFCA-427B-8B83-D294BFC8F0C0}"
EndProject
Project("{2150E333-8FDC-42A3-9474-1A3956D46DE8}") = "core", "core", "{F1CEE782-1E2F-4B60-9066-02260DB810F7}"
EndProject
Project("{2150E333-8FDC-42A3-9474-1A3956D46DE8}") = "db", "db", "{5A42EFD0-64F2-4278-B76E-4F05C8ED13CF}"
EndProject
Project("{2150E333-8FDC-42A3-9474-1A3956D46DE8}") = "entity", "entity", "{7FF576B7-2B87-4319-A0A3-435BBFF77148}"
EndProject
Project("{2150E333-8FDC-42A3-9474-1A3956D46DE8}") = "mobile", "mobile", "{1A0564FD-B3E7-4329-808D-0CA3F7EFFD0A}"
EndProject
Project("{2150E333-8FDC-42A3-9474-1A3956D46DE8}") = "ui", "ui", "{63640D03-377E-41E4-A8C2-18852BA9FB81}"
EndProject
Project("{2150E333-8FDC-42A3-9474-1A3956D46DE8}") = "web", "web", "{3358AAD8-57CA-4EA7-9E86-C6D4EA48C4D8}"
EndProject
Project("{2150E333-8FDC-42A3-9474-1A3956D46DE8}") = "api", "api", "{C27A8759-B0B6-4D0A-AD6E-89C48D786B46}"
EndProject
Project("{2150E333-8FDC-42A3-9474-1A3956D46DE8}") = "aspire", "aspire", "{9C04AC5E-AFB6-4031-B919-24B48B0234EB}"
EndProject
Project("{FAE04EC0-301F-11D3-BF4B-00C04F79EFBC}") = "CastAmNow.AppHost.IntegrationTest", "test\aspire\CastAmNow.AppHost.IntegrationTest\CastAmNow.AppHost.IntegrationTest.csproj", "{73C8A702-389A-49F4-8CD9-4A46C18C8CF8}"
EndProject
Project("{2150E333-8FDC-42A3-9474-1A3956D46DE8}") = "potholes", "potholes", "{4868981E-5EB7-46DF-883B-5DCA1DA73D07}"
EndProject
Project("{FAE04EC0-301F-11D3-BF4B-00C04F79EFBC}") = "CastAmNow.Potholes", "src\api\potholes\CastAmNow.Potholes\CastAmNow.Potholes.csproj", "{818FF764-2F6F-510A-4EB1-41238C1C0A6B}"
EndProject
Project("{2150E333-8FDC-42A3-9474-1A3956D46DE8}") = "potholes", "potholes", "{52F20D0E-E4B8-4C92-BB7C-21FE6A8F135C}"
EndProject
Project("{FAE04EC0-301F-11D3-BF4B-00C04F79EFBC}") = "CastAmNow.Potholes.IntegrationTests", "test\api\potholes\CastAmNow.Potholes.IntegrationTests\CastAmNow.Potholes.IntegrationTests.csproj", "{DB303676-9564-49F7-AF04-F425F4C1535B}"
EndProject
Project("{FAE04EC0-301F-11D3-BF4B-00C04F79EFBC}") = "CastAmNow.UI", "src\ui\CastAmNow.UI\CastAmNow.UI.csproj", "{6EBBFD4B-738F-3EE9-9538-9C5FB0C20526}"
EndProject
Project("{FAE04EC0-301F-11D3-BF4B-00C04F79EFBC}") = "CastAmNow.Web", "src\web\CastAmNow.Web\CastAmNow.Web\CastAmNow.Web.csproj", "{8D56EDA6-F4F9-1353-3599-57FDC7CAFBAF}"
EndProject
Project("{FAE04EC0-301F-11D3-BF4B-00C04F79EFBC}") = "CastAmNow.Web.Client", "src\web\CastAmNow.Web\CastAmNow.Web.Client\CastAmNow.Web.Client.csproj", "{671B9795-50CE-94AD-7CE1-C640438CBAD0}"
EndProject
Global
	GlobalSection(SolutionConfigurationPlatforms) = preSolution
		Debug|Any CPU = Debug|Any CPU
		Release|Any CPU = Release|Any CPU
	EndGlobalSection
	GlobalSection(ProjectConfigurationPlatforms) = postSolution
		{0D533735-91CB-474F-BF80-2587ED6D47C2}.Debug|Any CPU.ActiveCfg = Debug|Any CPU
		{0D533735-91CB-474F-BF80-2587ED6D47C2}.Debug|Any CPU.Build.0 = Debug|Any CPU
		{0D533735-91CB-474F-BF80-2587ED6D47C2}.Release|Any CPU.ActiveCfg = Release|Any CPU
		{0D533735-91CB-474F-BF80-2587ED6D47C2}.Release|Any CPU.Build.0 = Release|Any CPU
		{26235ABD-6EF1-4851-98B1-A8B65E7BF8EC}.Debug|Any CPU.ActiveCfg = Debug|Any CPU
		{26235ABD-6EF1-4851-98B1-A8B65E7BF8EC}.Debug|Any CPU.Build.0 = Debug|Any CPU
		{26235ABD-6EF1-4851-98B1-A8B65E7BF8EC}.Release|Any CPU.ActiveCfg = Release|Any CPU
		{26235ABD-6EF1-4851-98B1-A8B65E7BF8EC}.Release|Any CPU.Build.0 = Release|Any CPU
		{73C8A702-389A-49F4-8CD9-4A46C18C8CF8}.Debug|Any CPU.ActiveCfg = Debug|Any CPU
		{73C8A702-389A-49F4-8CD9-4A46C18C8CF8}.Debug|Any CPU.Build.0 = Debug|Any CPU
		{73C8A702-389A-49F4-8CD9-4A46C18C8CF8}.Release|Any CPU.ActiveCfg = Release|Any CPU
		{73C8A702-389A-49F4-8CD9-4A46C18C8CF8}.Release|Any CPU.Build.0 = Release|Any CPU
		{818FF764-2F6F-510A-4EB1-41238C1C0A6B}.Debug|Any CPU.ActiveCfg = Debug|Any CPU
		{818FF764-2F6F-510A-4EB1-41238C1C0A6B}.Debug|Any CPU.Build.0 = Debug|Any CPU
		{818FF764-2F6F-510A-4EB1-41238C1C0A6B}.Release|Any CPU.ActiveCfg = Release|Any CPU
		{818FF764-2F6F-510A-4EB1-41238C1C0A6B}.Release|Any CPU.Build.0 = Release|Any CPU
		{DB303676-9564-49F7-AF04-F425F4C1535B}.Debug|Any CPU.ActiveCfg = Debug|Any CPU
		{DB303676-9564-49F7-AF04-F425F4C1535B}.Debug|Any CPU.Build.0 = Debug|Any CPU
		{DB303676-9564-49F7-AF04-F425F4C1535B}.Release|Any CPU.ActiveCfg = Release|Any CPU
		{DB303676-9564-49F7-AF04-F425F4C1535B}.Release|Any CPU.Build.0 = Release|Any CPU
		{6EBBFD4B-738F-3EE9-9538-9C5FB0C20526}.Debug|Any CPU.ActiveCfg = Debug|Any CPU
		{6EBBFD4B-738F-3EE9-9538-9C5FB0C20526}.Debug|Any CPU.Build.0 = Debug|Any CPU
		{6EBBFD4B-738F-3EE9-9538-9C5FB0C20526}.Release|Any CPU.ActiveCfg = Release|Any CPU
		{6EBBFD4B-738F-3EE9-9538-9C5FB0C20526}.Release|Any CPU.Build.0 = Release|Any CPU
		{8D56EDA6-F4F9-1353-3599-57FDC7CAFBAF}.Debug|Any CPU.ActiveCfg = Debug|Any CPU
		{8D56EDA6-F4F9-1353-3599-57FDC7CAFBAF}.Debug|Any CPU.Build.0 = Debug|Any CPU
		{8D56EDA6-F4F9-1353-3599-57FDC7CAFBAF}.Release|Any CPU.ActiveCfg = Release|Any CPU
		{8D56EDA6-F4F9-1353-3599-57FDC7CAFBAF}.Release|Any CPU.Build.0 = Release|Any CPU
		{671B9795-50CE-94AD-7CE1-C640438CBAD0}.Debug|Any CPU.ActiveCfg = Debug|Any CPU
		{671B9795-50CE-94AD-7CE1-C640438CBAD0}.Debug|Any CPU.Build.0 = Debug|Any CPU
		{671B9795-50CE-94AD-7CE1-C640438CBAD0}.Release|Any CPU.ActiveCfg = Release|Any CPU
		{671B9795-50CE-94AD-7CE1-C640438CBAD0}.Release|Any CPU.Build.0 = Release|Any CPU
	EndGlobalSection
	GlobalSection(SolutionProperties) = preSolution
		HideSolutionNode = FALSE
	EndGlobalSection
	GlobalSection(NestedProjects) = preSolution
		{0D533735-91CB-474F-BF80-2587ED6D47C2} = {6857027C-A477-4867-92B2-848027112645}
		{26235ABD-6EF1-4851-98B1-A8B65E7BF8EC} = {6857027C-A477-4867-92B2-848027112645}
		{424A3731-AFCA-427B-8B83-D294BFC8F0C0} = {02EA681E-C7D8-13C7-8484-4AC65E1B71E8}
		{F1CEE782-1E2F-4B60-9066-02260DB810F7} = {02EA681E-C7D8-13C7-8484-4AC65E1B71E8}
		{5A42EFD0-64F2-4278-B76E-4F05C8ED13CF} = {02EA681E-C7D8-13C7-8484-4AC65E1B71E8}
		{7FF576B7-2B87-4319-A0A3-435BBFF77148} = {02EA681E-C7D8-13C7-8484-4AC65E1B71E8}
		{1A0564FD-B3E7-4329-808D-0CA3F7EFFD0A} = {02EA681E-C7D8-13C7-8484-4AC65E1B71E8}
		{63640D03-377E-41E4-A8C2-18852BA9FB81} = {02EA681E-C7D8-13C7-8484-4AC65E1B71E8}
		{3358AAD8-57CA-4EA7-9E86-C6D4EA48C4D8} = {02EA681E-C7D8-13C7-8484-4AC65E1B71E8}
		{C27A8759-B0B6-4D0A-AD6E-89C48D786B46} = {79144D29-9570-485D-A42B-B09456FEFFE7}
		{9C04AC5E-AFB6-4031-B919-24B48B0234EB} = {79144D29-9570-485D-A42B-B09456FEFFE7}
		{73C8A702-389A-49F4-8CD9-4A46C18C8CF8} = {9C04AC5E-AFB6-4031-B919-24B48B0234EB}
		{4868981E-5EB7-46DF-883B-5DCA1DA73D07} = {424A3731-AFCA-427B-8B83-D294BFC8F0C0}
		{818FF764-2F6F-510A-4EB1-41238C1C0A6B} = {4868981E-5EB7-46DF-883B-5DCA1DA73D07}
		{52F20D0E-E4B8-4C92-BB7C-21FE6A8F135C} = {C27A8759-B0B6-4D0A-AD6E-89C48D786B46}
		{DB303676-9564-49F7-AF04-F425F4C1535B} = {52F20D0E-E4B8-4C92-BB7C-21FE6A8F135C}
		{6EBBFD4B-738F-3EE9-9538-9C5FB0C20526} = {63640D03-377E-41E4-A8C2-18852BA9FB81}
		{8D56EDA6-F4F9-1353-3599-57FDC7CAFBAF} = {3358AAD8-57CA-4EA7-9E86-C6D4EA48C4D8}
		{671B9795-50CE-94AD-7CE1-C640438CBAD0} = {3358AAD8-57CA-4EA7-9E86-C6D4EA48C4D8}
	EndGlobalSection
	GlobalSection(ExtensibilityGlobals) = postSolution
		SolutionGuid = {43DF6E6E-B69B-46E4-924F-0B44E765AA6F}
	EndGlobalSection
EndGlobal
